
Microsoft Visual Studio Solution File, Format Version 12.00
# Visual Studio Version 16
VisualStudioVersion = 16.0.29926.136
MinimumVisualStudioVersion = 10.0.40219.1
Project("{FAE04EC0-301F-11D3-BF4B-00C04F79EFBC}") = "Ajanda_Projesi", "Ajanda_Projesi\Ajanda_Projesi.csproj", "{AC9417F2-21DD-459C-9FCD-B0327F6D75A9}"
EndProject
Global
	GlobalSection(SolutionConfigurationPlatforms) = preSolution
		Debug|Any CPU = Debug|Any CPU
		Release|Any CPU = Release|Any CPU
	EndGlobalSection
	GlobalSection(ProjectConfigurationPlatforms) = postSolution
		{AC9417F2-21DD-459C-9FCD-B0327F6D75A9}.Debug|Any CPU.ActiveCfg = Debug|Any CPU
		{AC9417F2-21DD-459C-9FCD-B0327F6D75A9}.Debug|Any CPU.Build.0 = Debug|Any CPU
		{AC9417F2-21DD-459C-9FCD-B0327F6D75A9}.Release|Any CPU.ActiveCfg = Release|Any CPU
		{AC9417F2-21DD-459C-9FCD-B0327F6D75A9}.Release|Any CPU.Build.0 = Release|Any CPU
	EndGlobalSection
	GlobalSection(SolutionProperties) = preSolution
		HideSolutionNode = FALSE
	EndGlobalSection
	GlobalSection(ExtensibilityGlobals) = postSolution
		SolutionGuid = {2E6B2637-B296-4C78-825B-6A9035DC48D3}
	EndGlobalSection
EndGlobal
